
Microsoft Visual Studio Solution File, Format Version 12.00
# Visual Studio Version 17
VisualStudioVersion = 17.0.31903.59
MinimumVisualStudioVersion = 10.0.40219.1
Project("{FAE04EC0-301F-11D3-BF4B-00C04F79EFBC}") = "Bitacora.Api", "Bitacora.Api\Bitacora.Api.csproj", "{7B9983B6-92C1-49E1-9A4E-E3C145CB1F75}"
EndProject
Project("{FAE04EC0-301F-11D3-BF4B-00C04F79EFBC}") = "Bitacora.Application", "Bitacora.Application\Bitacora.Application.csproj", "{378144A7-640E-4F7E-BAC8-6AA68FEE583D}"
EndProject
Project("{FAE04EC0-301F-11D3-BF4B-00C04F79EFBC}") = "Bitacora.Domain", "Bitacora.Domain\Bitacora.Domain.csproj", "{CC3FAABF-3A4B-47E4-916C-E7AD659A5314}"
EndProject
Project("{FAE04EC0-301F-11D3-BF4B-00C04F79EFBC}") = "Bitacora.DataAccess.Interface", "Bitacora.DataAccess.Interface\Bitacora.DataAccess.Interface.csproj", "{358B8453-D0AB-4538-B015-241928CC7D06}"
EndProject
Project("{FAE04EC0-301F-11D3-BF4B-00C04F79EFBC}") = "Shared.Contract", "Shared.Contract\Shared.Contract.csproj", "{990C0D38-DAD4-4C25-89E0-C8C34C2D4B02}"
EndProject
Project("{FAE04EC0-301F-11D3-BF4B-00C04F79EFBC}") = "Bitacora.DataAccess.EntityFramework", "Bitacora.DataAccess.EntityFramework\Bitacora.DataAccess.EntityFramework.csproj", "{259151C8-6C3A-4A79-B43A-52CAEBD832F3}"
EndProject
Project("{FAE04EC0-301F-11D3-BF4B-00C04F79EFBC}") = "Bitacora.EventBus", "Bitacora.EventBus\Bitacora.EventBus.csproj", "{30C87770-58C8-4966-B39F-06BD68C856D3}"
EndProject
Project("{FAE04EC0-301F-11D3-BF4B-00C04F79EFBC}") = "Bitacora.Infrastructure", "Bitacora.Infrastructure\Bitacora.Infrastructure.csproj", "{55BEA022-EAF5-4B3E-A916-A2189E67A97E}"
EndProject
Project("{FAE04EC0-301F-11D3-BF4B-00C04F79EFBC}") = "Shared.Cache", "Shared.Cache\Shared.Cache.csproj", "{99257B8E-D319-40C9-8348-C2F6D8E9ED69}"
EndProject
Project("{FAE04EC0-301F-11D3-BF4B-00C04F79EFBC}") = "Bitacora.Tests", "Bitacora.Tests\Bitacora.Tests.csproj", "{AF6FFEF8-8B6D-468D-86DA-63C2E62AB085}"
EndProject
Project("{2150E333-8FDC-42A3-9474-1A3956D46DE8}") = "Api", "Api", "{B9FBBB86-3535-4DAB-8AC8-DD143D119A13}"
EndProject
Project("{2150E333-8FDC-42A3-9474-1A3956D46DE8}") = "Core", "Core", "{6DDEDD89-01E9-480A-8156-31FEC840FF6F}"
EndProject
Project("{2150E333-8FDC-42A3-9474-1A3956D46DE8}") = "Infraestructure", "Infraestructure", "{87C8816F-BFDD-404C-A172-C8D19FC7EA7C}"
EndProject
Project("{2150E333-8FDC-42A3-9474-1A3956D46DE8}") = "Test", "Test", "{EDB942A3-1CE9-445D-9446-7C8C3880FDE5}"
EndProject
Global
	GlobalSection(SolutionConfigurationPlatforms) = preSolution
		Debug|Any CPU = Debug|Any CPU
		Debug|x64 = Debug|x64
		Debug|x86 = Debug|x86
		Release|Any CPU = Release|Any CPU
		Release|x64 = Release|x64
		Release|x86 = Release|x86
	EndGlobalSection
	GlobalSection(ProjectConfigurationPlatforms) = postSolution
		{7B9983B6-92C1-49E1-9A4E-E3C145CB1F75}.Debug|Any CPU.ActiveCfg = Debug|Any CPU
		{7B9983B6-92C1-49E1-9A4E-E3C145CB1F75}.Debug|Any CPU.Build.0 = Debug|Any CPU
		{7B9983B6-92C1-49E1-9A4E-E3C145CB1F75}.Debug|x64.ActiveCfg = Debug|Any CPU
		{7B9983B6-92C1-49E1-9A4E-E3C145CB1F75}.Debug|x64.Build.0 = Debug|Any CPU
		{7B9983B6-92C1-49E1-9A4E-E3C145CB1F75}.Debug|x86.ActiveCfg = Debug|Any CPU
		{7B9983B6-92C1-49E1-9A4E-E3C145CB1F75}.Debug|x86.Build.0 = Debug|Any CPU
		{7B9983B6-92C1-49E1-9A4E-E3C145CB1F75}.Release|Any CPU.ActiveCfg = Release|Any CPU
		{7B9983B6-92C1-49E1-9A4E-E3C145CB1F75}.Release|Any CPU.Build.0 = Release|Any CPU
		{7B9983B6-92C1-49E1-9A4E-E3C145CB1F75}.Release|x64.ActiveCfg = Release|Any CPU
		{7B9983B6-92C1-49E1-9A4E-E3C145CB1F75}.Release|x64.Build.0 = Release|Any CPU
		{7B9983B6-92C1-49E1-9A4E-E3C145CB1F75}.Release|x86.ActiveCfg = Release|Any CPU
		{7B9983B6-92C1-49E1-9A4E-E3C145CB1F75}.Release|x86.Build.0 = Release|Any CPU
		{378144A7-640E-4F7E-BAC8-6AA68FEE583D}.Debug|Any CPU.ActiveCfg = Debug|Any CPU
		{378144A7-640E-4F7E-BAC8-6AA68FEE583D}.Debug|Any CPU.Build.0 = Debug|Any CPU
		{378144A7-640E-4F7E-BAC8-6AA68FEE583D}.Debug|x64.ActiveCfg = Debug|Any CPU
		{378144A7-640E-4F7E-BAC8-6AA68FEE583D}.Debug|x64.Build.0 = Debug|Any CPU
		{378144A7-640E-4F7E-BAC8-6AA68FEE583D}.Debug|x86.ActiveCfg = Debug|Any CPU
		{378144A7-640E-4F7E-BAC8-6AA68FEE583D}.Debug|x86.Build.0 = Debug|Any CPU
		{378144A7-640E-4F7E-BAC8-6AA68FEE583D}.Release|Any CPU.ActiveCfg = Release|Any CPU
		{378144A7-640E-4F7E-BAC8-6AA68FEE583D}.Release|Any CPU.Build.0 = Release|Any CPU
		{378144A7-640E-4F7E-BAC8-6AA68FEE583D}.Release|x64.ActiveCfg = Release|Any CPU
		{378144A7-640E-4F7E-BAC8-6AA68FEE583D}.Release|x64.Build.0 = Release|Any CPU
		{378144A7-640E-4F7E-BAC8-6AA68FEE583D}.Release|x86.ActiveCfg = Release|Any CPU
		{378144A7-640E-4F7E-BAC8-6AA68FEE583D}.Release|x86.Build.0 = Release|Any CPU
		{CC3FAABF-3A4B-47E4-916C-E7AD659A5314}.Debug|Any CPU.ActiveCfg = Debug|Any CPU
		{CC3FAABF-3A4B-47E4-916C-E7AD659A5314}.Debug|Any CPU.Build.0 = Debug|Any CPU
		{CC3FAABF-3A4B-47E4-916C-E7AD659A5314}.Debug|x64.ActiveCfg = Debug|Any CPU
		{CC3FAABF-3A4B-47E4-916C-E7AD659A5314}.Debug|x64.Build.0 = Debug|Any CPU
		{CC3FAABF-3A4B-47E4-916C-E7AD659A5314}.Debug|x86.ActiveCfg = Debug|Any CPU
		{CC3FAABF-3A4B-47E4-916C-E7AD659A5314}.Debug|x86.Build.0 = Debug|Any CPU
		{CC3FAABF-3A4B-47E4-916C-E7AD659A5314}.Release|Any CPU.ActiveCfg = Release|Any CPU
		{CC3FAABF-3A4B-47E4-916C-E7AD659A5314}.Release|Any CPU.Build.0 = Release|Any CPU
		{CC3FAABF-3A4B-47E4-916C-E7AD659A5314}.Release|x64.ActiveCfg = Release|Any CPU
		{CC3FAABF-3A4B-47E4-916C-E7AD659A5314}.Release|x64.Build.0 = Release|Any CPU
		{CC3FAABF-3A4B-47E4-916C-E7AD659A5314}.Release|x86.ActiveCfg = Release|Any CPU
		{CC3FAABF-3A4B-47E4-916C-E7AD659A5314}.Release|x86.Build.0 = Release|Any CPU
		{358B8453-D0AB-4538-B015-241928CC7D06}.Debug|Any CPU.ActiveCfg = Debug|Any CPU
		{358B8453-D0AB-4538-B015-241928CC7D06}.Debug|Any CPU.Build.0 = Debug|Any CPU
		{358B8453-D0AB-4538-B015-241928CC7D06}.Debug|x64.ActiveCfg = Debug|Any CPU
		{358B8453-D0AB-4538-B015-241928CC7D06}.Debug|x64.Build.0 = Debug|Any CPU
		{358B8453-D0AB-4538-B015-241928CC7D06}.Debug|x86.ActiveCfg = Debug|Any CPU
		{358B8453-D0AB-4538-B015-241928CC7D06}.Debug|x86.Build.0 = Debug|Any CPU
		{358B8453-D0AB-4538-B015-241928CC7D06}.Release|Any CPU.ActiveCfg = Release|Any CPU
		{358B8453-D0AB-4538-B015-241928CC7D06}.Release|Any CPU.Build.0 = Release|Any CPU
		{358B8453-D0AB-4538-B015-241928CC7D06}.Release|x64.ActiveCfg = Release|Any CPU
		{358B8453-D0AB-4538-B015-241928CC7D06}.Release|x64.Build.0 = Release|Any CPU
		{358B8453-D0AB-4538-B015-241928CC7D06}.Release|x86.ActiveCfg = Release|Any CPU
		{358B8453-D0AB-4538-B015-241928CC7D06}.Release|x86.Build.0 = Release|Any CPU
		{990C0D38-DAD4-4C25-89E0-C8C34C2D4B02}.Debug|Any CPU.ActiveCfg = Debug|Any CPU
		{990C0D38-DAD4-4C25-89E0-C8C34C2D4B02}.Debug|Any CPU.Build.0 = Debug|Any CPU
		{990C0D38-DAD4-4C25-89E0-C8C34C2D4B02}.Debug|x64.ActiveCfg = Debug|Any CPU
		{990C0D38-DAD4-4C25-89E0-C8C34C2D4B02}.Debug|x64.Build.0 = Debug|Any CPU
		{990C0D38-DAD4-4C25-89E0-C8C34C2D4B02}.Debug|x86.ActiveCfg = Debug|Any CPU
		{990C0D38-DAD4-4C25-89E0-C8C34C2D4B02}.Debug|x86.Build.0 = Debug|Any CPU
		{990C0D38-DAD4-4C25-89E0-C8C34C2D4B02}.Release|Any CPU.ActiveCfg = Release|Any CPU
		{990C0D38-DAD4-4C25-89E0-C8C34C2D4B02}.Release|Any CPU.Build.0 = Release|Any CPU
		{990C0D38-DAD4-4C25-89E0-C8C34C2D4B02}.Release|x64.ActiveCfg = Release|Any CPU
		{990C0D38-DAD4-4C25-89E0-C8C34C2D4B02}.Release|x64.Build.0 = Release|Any CPU
		{990C0D38-DAD4-4C25-89E0-C8C34C2D4B02}.Release|x86.ActiveCfg = Release|Any CPU
		{990C0D38-DAD4-4C25-89E0-C8C34C2D4B02}.Release|x86.Build.0 = Release|Any CPU
		{259151C8-6C3A-4A79-B43A-52CAEBD832F3}.Debug|Any CPU.ActiveCfg = Debug|Any CPU
		{259151C8-6C3A-4A79-B43A-52CAEBD832F3}.Debug|Any CPU.Build.0 = Debug|Any CPU
		{259151C8-6C3A-4A79-B43A-52CAEBD832F3}.Debug|x64.ActiveCfg = Debug|Any CPU
		{259151C8-6C3A-4A79-B43A-52CAEBD832F3}.Debug|x64.Build.0 = Debug|Any CPU
		{259151C8-6C3A-4A79-B43A-52CAEBD832F3}.Debug|x86.ActiveCfg = Debug|Any CPU
		{259151C8-6C3A-4A79-B43A-52CAEBD832F3}.Debug|x86.Build.0 = Debug|Any CPU
		{259151C8-6C3A-4A79-B43A-52CAEBD832F3}.Release|Any CPU.ActiveCfg = Release|Any CPU
		{259151C8-6C3A-4A79-B43A-52CAEBD832F3}.Release|Any CPU.Build.0 = Release|Any CPU
		{259151C8-6C3A-4A79-B43A-52CAEBD832F3}.Release|x64.ActiveCfg = Release|Any CPU
		{259151C8-6C3A-4A79-B43A-52CAEBD832F3}.Release|x64.Build.0 = Release|Any CPU
		{259151C8-6C3A-4A79-B43A-52CAEBD832F3}.Release|x86.ActiveCfg = Release|Any CPU
		{259151C8-6C3A-4A79-B43A-52CAEBD832F3}.Release|x86.Build.0 = Release|Any CPU
		{30C87770-58C8-4966-B39F-06BD68C856D3}.Debug|Any CPU.ActiveCfg = Debug|Any CPU
		{30C87770-58C8-4966-B39F-06BD68C856D3}.Debug|Any CPU.Build.0 = Debug|Any CPU
		{30C87770-58C8-4966-B39F-06BD68C856D3}.Debug|x64.ActiveCfg = Debug|Any CPU
		{30C87770-58C8-4966-B39F-06BD68C856D3}.Debug|x64.Build.0 = Debug|Any CPU
		{30C87770-58C8-4966-B39F-06BD68C856D3}.Debug|x86.ActiveCfg = Debug|Any CPU
		{30C87770-58C8-4966-B39F-06BD68C856D3}.Debug|x86.Build.0 = Debug|Any CPU
		{30C87770-58C8-4966-B39F-06BD68C856D3}.Release|Any CPU.ActiveCfg = Release|Any CPU
		{30C87770-58C8-4966-B39F-06BD68C856D3}.Release|Any CPU.Build.0 = Release|Any CPU
		{30C87770-58C8-4966-B39F-06BD68C856D3}.Release|x64.ActiveCfg = Release|Any CPU
		{30C87770-58C8-4966-B39F-06BD68C856D3}.Release|x64.Build.0 = Release|Any CPU
		{30C87770-58C8-4966-B39F-06BD68C856D3}.Release|x86.ActiveCfg = Release|Any CPU
		{30C87770-58C8-4966-B39F-06BD68C856D3}.Release|x86.Build.0 = Release|Any CPU
		{55BEA022-EAF5-4B3E-A916-A2189E67A97E}.Debug|Any CPU.ActiveCfg = Debug|Any CPU
		{55BEA022-EAF5-4B3E-A916-A2189E67A97E}.Debug|Any CPU.Build.0 = Debug|Any CPU
		{55BEA022-EAF5-4B3E-A916-A2189E67A97E}.Debug|x64.ActiveCfg = Debug|Any CPU
		{55BEA022-EAF5-4B3E-A916-A2189E67A97E}.Debug|x64.Build.0 = Debug|Any CPU
		{55BEA022-EAF5-4B3E-A916-A2189E67A97E}.Debug|x86.ActiveCfg = Debug|Any CPU
		{55BEA022-EAF5-4B3E-A916-A2189E67A97E}.Debug|x86.Build.0 = Debug|Any CPU
		{55BEA022-EAF5-4B3E-A916-A2189E67A97E}.Release|Any CPU.ActiveCfg = Release|Any CPU
		{55BEA022-EAF5-4B3E-A916-A2189E67A97E}.Release|Any CPU.Build.0 = Release|Any CPU
		{55BEA022-EAF5-4B3E-A916-A2189E67A97E}.Release|x64.ActiveCfg = Release|Any CPU
		{55BEA022-EAF5-4B3E-A916-A2189E67A97E}.Release|x64.Build.0 = Release|Any CPU
		{55BEA022-EAF5-4B3E-A916-A2189E67A97E}.Release|x86.ActiveCfg = Release|Any CPU
		{55BEA022-EAF5-4B3E-A916-A2189E67A97E}.Release|x86.Build.0 = Release|Any CPU
		{99257B8E-D319-40C9-8348-C2F6D8E9ED69}.Debug|Any CPU.ActiveCfg = Debug|Any CPU
		{99257B8E-D319-40C9-8348-C2F6D8E9ED69}.Debug|Any CPU.Build.0 = Debug|Any CPU
		{99257B8E-D319-40C9-8348-C2F6D8E9ED69}.Debug|x64.ActiveCfg = Debug|Any CPU
		{99257B8E-D319-40C9-8348-C2F6D8E9ED69}.Debug|x64.Build.0 = Debug|Any CPU
		{99257B8E-D319-40C9-8348-C2F6D8E9ED69}.Debug|x86.ActiveCfg = Debug|Any CPU
		{99257B8E-D319-40C9-8348-C2F6D8E9ED69}.Debug|x86.Build.0 = Debug|Any CPU
		{99257B8E-D319-40C9-8348-C2F6D8E9ED69}.Release|Any CPU.ActiveCfg = Release|Any CPU
		{99257B8E-D319-40C9-8348-C2F6D8E9ED69}.Release|Any CPU.Build.0 = Release|Any CPU
		{99257B8E-D319-40C9-8348-C2F6D8E9ED69}.Release|x64.ActiveCfg = Release|Any CPU
		{99257B8E-D319-40C9-8348-C2F6D8E9ED69}.Release|x64.Build.0 = Release|Any CPU
		{99257B8E-D319-40C9-8348-C2F6D8E9ED69}.Release|x86.ActiveCfg = Release|Any CPU
		{99257B8E-D319-40C9-8348-C2F6D8E9ED69}.Release|x86.Build.0 = Release|Any CPU
		{AF6FFEF8-8B6D-468D-86DA-63C2E62AB085}.Debug|Any CPU.ActiveCfg = Debug|Any CPU
		{AF6FFEF8-8B6D-468D-86DA-63C2E62AB085}.Debug|Any CPU.Build.0 = Debug|Any CPU
		{AF6FFEF8-8B6D-468D-86DA-63C2E62AB085}.Debug|x64.ActiveCfg = Debug|Any CPU
		{AF6FFEF8-8B6D-468D-86DA-63C2E62AB085}.Debug|x64.Build.0 = Debug|Any CPU
		{AF6FFEF8-8B6D-468D-86DA-63C2E62AB085}.Debug|x86.ActiveCfg = Debug|Any CPU
		{AF6FFEF8-8B6D-468D-86DA-63C2E62AB085}.Debug|x86.Build.0 = Debug|Any CPU
		{AF6FFEF8-8B6D-468D-86DA-63C2E62AB085}.Release|Any CPU.ActiveCfg = Release|Any CPU
		{AF6FFEF8-8B6D-468D-86DA-63C2E62AB085}.Release|Any CPU.Build.0 = Release|Any CPU
		{AF6FFEF8-8B6D-468D-86DA-63C2E62AB085}.Release|x64.ActiveCfg = Release|Any CPU
		{AF6FFEF8-8B6D-468D-86DA-63C2E62AB085}.Release|x64.Build.0 = Release|Any CPU
		{AF6FFEF8-8B6D-468D-86DA-63C2E62AB085}.Release|x86.ActiveCfg = Release|Any CPU
		{AF6FFEF8-8B6D-468D-86DA-63C2E62AB085}.Release|x86.Build.0 = Release|Any CPU
	EndGlobalSection
	GlobalSection(SolutionProperties) = preSolution
		HideSolutionNode = FALSE
	EndGlobalSection
	GlobalSection(NestedProjects) = preSolution
		{7B9983B6-92C1-49E1-9A4E-E3C145CB1F75} = {B9FBBB86-3535-4DAB-8AC8-DD143D119A13}
		{378144A7-640E-4F7E-BAC8-6AA68FEE583D} = {6DDEDD89-01E9-480A-8156-31FEC840FF6F}
		{CC3FAABF-3A4B-47E4-916C-E7AD659A5314} = {6DDEDD89-01E9-480A-8156-31FEC840FF6F}
		{358B8453-D0AB-4538-B015-241928CC7D06} = {6DDEDD89-01E9-480A-8156-31FEC840FF6F}
		{990C0D38-DAD4-4C25-89E0-C8C34C2D4B02} = {6DDEDD89-01E9-480A-8156-31FEC840FF6F}
		{259151C8-6C3A-4A79-B43A-52CAEBD832F3} = {87C8816F-BFDD-404C-A172-C8D19FC7EA7C}
		{30C87770-58C8-4966-B39F-06BD68C856D3} = {87C8816F-BFDD-404C-A172-C8D19FC7EA7C}
		{55BEA022-EAF5-4B3E-A916-A2189E67A97E} = {87C8816F-BFDD-404C-A172-C8D19FC7EA7C}
		{99257B8E-D319-40C9-8348-C2F6D8E9ED69} = {87C8816F-BFDD-404C-A172-C8D19FC7EA7C}
		{AF6FFEF8-8B6D-468D-86DA-63C2E62AB085} = {EDB942A3-1CE9-445D-9446-7C8C3880FDE5}
	EndGlobalSection
EndGlobal
